Microsoft Visual Studio Solution File, Format Version 12.00
# Visual Studio 2012
Project("{FAE04EC0-301F-11D3-BF4B-00C04F79EFBC}") = "TurnBaseGame", "TurnBaseGame.csproj", "{FFE9F31F-E4DE-43F4-A2CB-FC38351BF4D4}"
EndProject
Global
	GlobalSection(SolutionConfigurationPlatforms) = preSolution
	Debug|Any CPU = Debug|Any CPU
	ExportDebug|Any CPU = ExportDebug|Any CPU
	ExportRelease|Any CPU = ExportRelease|Any CPU
	EndGlobalSection
	GlobalSection(ProjectConfigurationPlatforms) = postSolution
		{FFE9F31F-E4DE-43F4-A2CB-FC38351BF4D4}.Debug|Any CPU.ActiveCfg = Debug|Any CPU
		{FFE9F31F-E4DE-43F4-A2CB-FC38351BF4D4}.Debug|Any CPU.Build.0 = Debug|Any CPU
		{FFE9F31F-E4DE-43F4-A2CB-FC38351BF4D4}.ExportDebug|Any CPU.ActiveCfg = ExportDebug|Any CPU
		{FFE9F31F-E4DE-43F4-A2CB-FC38351BF4D4}.ExportDebug|Any CPU.Build.0 = ExportDebug|Any CPU
		{FFE9F31F-E4DE-43F4-A2CB-FC38351BF4D4}.ExportRelease|Any CPU.ActiveCfg = ExportRelease|Any CPU
		{FFE9F31F-E4DE-43F4-A2CB-FC38351BF4D4}.ExportRelease|Any CPU.Build.0 = ExportRelease|Any CPU
	EndGlobalSection
EndGlobal
